lockfileVersion: '9.0'

importers:
  .:
    dependencies:
      zod:
        specifier: ^3.23.8
        version: 3.23.8
    devDependencies:
      vitest:
        specifier: ^2.1.4
        version: 2.1.4

  packages/foo:
    dependencies:
      xlsx:
        specifier: https://cdn.sheetjs.com/xlsx-0.20.2/xlsx-0.20.2.tgz
        version: https://cdn.sheetjs.com/xlsx-0.20.2/xlsx-0.20.2.tgz
      wa-sqlite:
        specifier: github:rhashimoto/wa-sqlite#779219540f66cecaa159da32b3b8936697ba10a7
        version: https://codeload.github.com/rhashimoto/wa-sqlite/tar.gz/779219540f66cecaa159da32b3b8936697ba10a7
      left-pad:
        specifier: ^1.3.0
        version: 1.3.0
